PODS:
  - Firebase/AdMob (3.3.0):
    - Firebase/Analytics (= 3.3.0)
    - Google-Mobile-Ads-SDK (= 7.8.1)
  - Firebase/Analytics (3.3.0):
    - FirebaseAnalytics (= 3.2.1)
  - Firebase/Core (3.3.0):
    - Firebase/Analytics (= 3.3.0)
  - Firebase/Messaging (3.3.0):
    - Firebase/Analytics (= 3.3.0)
    - FirebaseMessaging (= 1.1.0)
  - FirebaseAnalytics (3.2.1):
    - FirebaseInstanceID (~> 1.0)
    - GoogleInterchangeUtilities (~> 1.2)
    - GoogleSymbolUtilities (~> 1.1)
    - GoogleUtilities (~> 1.3)
  - FirebaseInstanceID (1.0.7)
  - FirebaseMessaging (1.1.0):
    - FirebaseAnalytics (~> 3.2)
    - GoogleInterchangeUtilities (~> 1.2)
    - GoogleIPhoneUtilities (~> 1.2)
    - GoogleSymbolUtilities (~> 1.1)
  - Google-Mobile-Ads-SDK (7.8.1)
  - GoogleInterchangeUtilities (1.2.1):
    - GoogleSymbolUtilities (~> 1.0)
  - GoogleIPhoneUtilities (1.2.1):
    - GoogleSymbolUtilities (~> 1.0)
    - GoogleUtilities (~> 1.0)
  - GoogleSymbolUtilities (1.1.1)
  - GoogleUtilities (1.3.1):
    - GoogleSymbolUtilities (~> 1.0)
  - MBProgressHUD (1.0.0)
  - Mixpanel (3.0.0):
    - Mixpanel/Mixpanel (= 3.0.0)
  - Mixpanel/Mixpanel (3.0.0)
  - OneSignal (1.13.3)

DEPENDENCIES:
  - Firebase/AdMob
  - Firebase/Core
  - Firebase/Messaging
  - MBProgressHUD (~> 1.0.0)
  - Mixpanel
  - OneSignal

SPEC CHECKSUMS:
  Firebase: 6250071f0e2440a5c4c67b8cb6b868f868237ac3
  FirebaseAnalytics: 0fd6532cb2c3d03cd5cf26ad295ccb091efd3104
  FirebaseInstanceID: a9d923f3d0b6fbf9fac89310860357aaadc34be5
  FirebaseMessaging: 8a92e9ea70673605aa7d1803d2d5aa3eb946009c
  Google-Mobile-Ads-SDK: 3c2a6656117989469bfe7645640aa1de024a4c6c
  GoogleInterchangeUtilities: def8415a862effc67d549d5b5b0b9c7a2f97d4de
  GoogleIPhoneUtilities: 63f25e93a3ddcb66884d182aab3a660d98f1479b
  GoogleSymbolUtilities: 33117db1b5f290c6fbf259585e4885b4c84b98d7
  GoogleUtilities: 56c5ac05b7aa5dc417a1bb85221a9516e04d7032
  MBProgressHUD: 4890f671c94e8a0f3cf959aa731e9de2f036d71a
  Mixpanel: ac92056ee35a961362513ba11049e67cffcaa1f1
  OneSignal: 434facae3389cb0d4d3fc57b9a6cf66db685205e

PODFILE CHECKSUM: ff1bb00ed888e72f37ee108b93dc7f93853179ed

COCOAPODS: 1.0.1
