// !$*UTF8*$!
{
	archiveVersion = 1;
	classes = {
	};
	objectVersion = 46;
	objects = {

/* Begin PBXBuildFile section */
		C63DB714F099553E014BB5E6 /* Pods_UniversalWebView.framework in Frameworks */ = {isa = PBXBuildFile; fileRef = 5F96C4EF6051EA764D19FFA4 /* Pods_UniversalWebView.framework */; };
		CD6A99E11D5B1BAA00E25A08 /* UniversalWebView.plist in Resources */ = {isa = PBXBuildFile; fileRef = CD6A99E01D5B1BAA00E25A08 /* UniversalWebView.plist */; };
		CD6A99EA1D5B1BFA00E25A08 /* Images.xcassets in Resources */ = {isa = PBXBuildFile; fileRef = CD6A99E91D5B1BFA00E25A08 /* Images.xcassets */; };
		CD6A99EF1D5B1CE100E25A08 /* AppDelegate.swift in Sources */ = {isa = PBXBuildFile; fileRef = CD6A99ED1D5B1CE100E25A08 /* AppDelegate.swift */; };
		CD6A99F01D5B1CE100E25A08 /* ViewController.swift in Sources */ = {isa = PBXBuildFile; fileRef = CD6A99EE1D5B1CE100E25A08 /* ViewController.swift */; };
		CD6A99F61D5B1E3500E25A08 /* Main.storyboard in Resources */ = {isa = PBXBuildFile; fileRef = CD6A99F51D5B1E3500E25A08 /* Main.storyboard */; };
		CD71C20C1D62FC0000C5EFFA /* index.html in Resources */ = {isa = PBXBuildFile; fileRef = CD71C20B1D62FC0000C5EFFA /* index.html */; };
/* End PBXBuildFile section */

/* Begin PBXFileReference section */
		5F96C4EF6051EA764D19FFA4 /* Pods_UniversalWebView.framework */ = {isa = PBXFileReference; explicitFileType = wrapper.framework; includeInIndex = 0; path = Pods_UniversalWebView.framework; sourceTree = BUILT_PRODUCTS_DIR; };
		7E98A9E7360A1D0D3EBB46F0 /* Pods-UniversalWebView.debug.xcconfig */ = {isa = PBXFileReference; includeInIndex = 1; lastKnownFileType = text.xcconfig; name = "Pods-UniversalWebView.debug.xcconfig"; path = "Pods/Target Support Files/Pods-UniversalWebView/Pods-UniversalWebView.debug.xcconfig"; sourceTree = "<group>"; };
		98C1CBE83E77A3874C238F15 /* Pods-UniversalWebView.release.xcconfig */ = {isa = PBXFileReference; includeInIndex = 1; lastKnownFileType = text.xcconfig; name = "Pods-UniversalWebView.release.xcconfig"; path = "Pods/Target Support Files/Pods-UniversalWebView/Pods-UniversalWebView.release.xcconfig"; sourceTree = "<group>"; };
		CD6A99CB1D5B1B8600E25A08 /* UniversalWebView.app */ = {isa = PBXFileReference; explicitFileType = wrapper.application; includeInIndex = 0; path = UniversalWebView.app; sourceTree = BUILT_PRODUCTS_DIR; };
		CD6A99E01D5B1BAA00E25A08 /* UniversalWebView.plist */ = {isa = PBXFileReference; fileEncoding = 4; lastKnownFileType = text.plist.xml; name = UniversalWebView.plist; path = UniversalWebView/UniversalWebView.plist; sourceTree = "<group>"; };
		CD6A99E91D5B1BFA00E25A08 /* Images.xcassets */ = {isa = PBXFileReference; lastKnownFileType = folder.assetcatalog; path = Images.xcassets; sourceTree = "<group>"; };
		CD6A99EB1D5B1C1800E25A08 /* Info.plist */ = {isa = PBXFileReference; fileEncoding = 4; lastKnownFileType = text.plist.xml; path = Info.plist; sourceTree = "<group>"; };
		CD6A99ED1D5B1CE100E25A08 /* AppDelegate.swift */ = {isa = PBXFileReference; fileEncoding = 4; lastKnownFileType = sourcecode.swift; path = AppDelegate.swift; sourceTree = "<group>"; };
		CD6A99EE1D5B1CE100E25A08 /* ViewController.swift */ = {isa = PBXFileReference; fileEncoding = 4; lastKnownFileType = sourcecode.swift; path = ViewController.swift; sourceTree = "<group>"; };
		CD6A99F51D5B1E3500E25A08 /* Main.storyboard */ = {isa = PBXFileReference; fileEncoding = 4; lastKnownFileType = file.storyboard; path = Main.storyboard; sourceTree = "<group>"; };
		CD71C20B1D62FC0000C5EFFA /* index.html */ = {isa = PBXFileReference; fileEncoding = 4; lastKnownFileType = text.html; path = index.html; sourceTree = "<group>"; };
/* End PBXFileReference section */

/* Begin PBXFrameworksBuildPhase section */
		CD6A99C81D5B1B8600E25A08 /* Frameworks */ = {
			isa = PBXFrameworksBuildPhase;
			buildActionMask = 2147483647;
			files = (
				C63DB714F099553E014BB5E6 /* Pods_UniversalWebView.framework in Frameworks */,
			);
			runOnlyForDeploymentPostprocessing = 0;
		};
/* End PBXFrameworksBuildPhase section */

/* Begin PBXGroup section */
		53BAC04DEB3107035ECE5DA7 /* Pods */ = {
			isa = PBXGroup;
			children = (
				7E98A9E7360A1D0D3EBB46F0 /* Pods-UniversalWebView.debug.xcconfig */,
				98C1CBE83E77A3874C238F15 /* Pods-UniversalWebView.release.xcconfig */,
			);
			name = Pods;
			sourceTree = "<group>";
		};
		6E4D7A0EBC02878DD491126D /* Frameworks */ = {
			isa = PBXGroup;
			children = (
				5F96C4EF6051EA764D19FFA4 /* Pods_UniversalWebView.framework */,
			);
			name = Frameworks;
			sourceTree = "<group>";
		};
		CD6A99C21D5B1B8600E25A08 = {
			isa = PBXGroup;
			children = (
				CD6A99E01D5B1BAA00E25A08 /* UniversalWebView.plist */,
				CD6A99CD1D5B1B8600E25A08 /* UniversalWebView */,
				CD6A99CC1D5B1B8600E25A08 /* Products */,
				53BAC04DEB3107035ECE5DA7 /* Pods */,
				6E4D7A0EBC02878DD491126D /* Frameworks */,
			);
			sourceTree = "<group>";
		};
		CD6A99CC1D5B1B8600E25A08 /* Products */ = {
			isa = PBXGroup;
			children = (
				CD6A99CB1D5B1B8600E25A08 /* UniversalWebView.app */,
			);
			name = Products;
			sourceTree = "<group>";
		};
		CD6A99CD1D5B1B8600E25A08 /* UniversalWebView */ = {
			isa = PBXGroup;
			children = (
				CD71C20A1D62FC0000C5EFFA /* web_content */,
				CD6A99ED1D5B1CE100E25A08 /* AppDelegate.swift */,
				CD6A99EE1D5B1CE100E25A08 /* ViewController.swift */,
				CD6A99F51D5B1E3500E25A08 /* Main.storyboard */,
				CD6A99E91D5B1BFA00E25A08 /* Images.xcassets */,
				CD6A99EB1D5B1C1800E25A08 /* Info.plist */,
			);
			path = UniversalWebView;
			sourceTree = "<group>";
		};
		CD71C20A1D62FC0000C5EFFA /* web_content */ = {
			isa = PBXGroup;
			children = (
				CD71C20B1D62FC0000C5EFFA /* index.html */,
			);
			path = web_content;
			sourceTree = "<group>";
		};
/* End PBXGroup section */

/* Begin PBXNativeTarget section */
		CD6A99CA1D5B1B8600E25A08 /* UniversalWebView */ = {
			isa = PBXNativeTarget;
			buildConfigurationList = CD6A99DD1D5B1B8600E25A08 /* Build configuration list for PBXNativeTarget "UniversalWebView" */;
			buildPhases = (
				1698D11F799CB576D5539D0A /* [CP] Check Pods Manifest.lock */,
				CD6A99C71D5B1B8600E25A08 /* Sources */,
				CD6A99C81D5B1B8600E25A08 /* Frameworks */,
				CD6A99C91D5B1B8600E25A08 /* Resources */,
				DB65B082F3B06527E81C52ED /* [CP] Embed Pods Frameworks */,
				EB6C43668B1D0879C7DAE97C /* [CP] Copy Pods Resources */,
			);
			buildRules = (
			);
			dependencies = (
			);
			name = UniversalWebView;
			productName = UniversalWebView;
			productReference = CD6A99CB1D5B1B8600E25A08 /* UniversalWebView.app */;
			productType = "com.apple.product-type.application";
		};
/* End PBXNativeTarget section */

/* Begin PBXProject section */
		CD6A99C31D5B1B8600E25A08 /* Project object */ = {
			isa = PBXProject;
			attributes = {
				LastSwiftUpdateCheck = 0730;
				LastUpgradeCheck = 0730;
				ORGANIZATIONNAME = "Brommko LLC";
				TargetAttributes = {
					CD6A99CA1D5B1B8600E25A08 = {
						CreatedOnToolsVersion = 7.3;
						DevelopmentTeam = 4QL84KPYN7;
					};
				};
			};
			buildConfigurationList = CD6A99C61D5B1B8600E25A08 /* Build configuration list for PBXProject "UniversalWebView" */;
			compatibilityVersion = "Xcode 3.2";
			developmentRegion = English;
			hasScannedForEncodings = 0;
			knownRegions = (
				en,
				Base,
			);
			mainGroup = CD6A99C21D5B1B8600E25A08;
			productRefGroup = CD6A99CC1D5B1B8600E25A08 /* Products */;
			projectDirPath = "";
			projectRoot = "";
			targets = (
				CD6A99CA1D5B1B8600E25A08 /* UniversalWebView */,
			);
		};
/* End PBXProject section */

/* Begin PBXResourcesBuildPhase section */
		CD6A99C91D5B1B8600E25A08 /* Resources */ = {
			isa = PBXResourcesBuildPhase;
			buildActionMask = 2147483647;
			files = (
				CD6A99EA1D5B1BFA00E25A08 /* Images.xcassets in Resources */,
				CD71C20C1D62FC0000C5EFFA /* index.html in Resources */,
				CD6A99E11D5B1BAA00E25A08 /* UniversalWebView.plist in Resources */,
				CD6A99F61D5B1E3500E25A08 /* Main.storyboard in Resources */,
			);
			runOnlyForDeploymentPostprocessing = 0;
		};
/* End PBXResourcesBuildPhase section */

/* Begin PBXShellScriptBuildPhase section */
		1698D11F799CB576D5539D0A /* [CP] Check Pods Manifest.lock */ = {
			isa = PBXShellScriptBuildPhase;
			buildActionMask = 2147483647;
			files = (
			);
			inputPaths = (
			);
			name = "[CP] Check Pods Manifest.lock";
			outputPaths = (
			);
			runOnlyForDeploymentPostprocessing = 0;
			shellPath = /bin/sh;
			shellScript = "diff \"${PODS_ROOT}/../Podfile.lock\" \"${PODS_ROOT}/Manifest.lock\" > /dev/null\nif [[ $? != 0 ]] ; then\n    cat << EOM\nerror: The sandbox is not in sync with the Podfile.lock. Run 'pod install' or update your CocoaPods installation.\nEOM\n    exit 1\nfi\n";
			showEnvVarsInLog = 0;
		};
		DB65B082F3B06527E81C52ED /* [CP] Embed Pods Frameworks */ = {
			isa = PBXShellScriptBuildPhase;
			buildActionMask = 2147483647;
			files = (
			);
			inputPaths = (
			);
			name = "[CP] Embed Pods Frameworks";
			outputPaths = (
			);
			runOnlyForDeploymentPostprocessing = 0;
			shellPath = /bin/sh;
			shellScript = "\"${SRCROOT}/Pods/Target Support Files/Pods-UniversalWebView/Pods-UniversalWebView-frameworks.sh\"\n";
			showEnvVarsInLog = 0;
		};
		EB6C43668B1D0879C7DAE97C /* [CP] Copy Pods Resources */ = {
			isa = PBXShellScriptBuildPhase;
			buildActionMask = 2147483647;
			files = (
			);
			inputPaths = (
			);
			name = "[CP] Copy Pods Resources";
			outputPaths = (
			);
			runOnlyForDeploymentPostprocessing = 0;
			shellPath = /bin/sh;
			shellScript = "\"${SRCROOT}/Pods/Target Support Files/Pods-UniversalWebView/Pods-UniversalWebView-resources.sh\"\n";
			showEnvVarsInLog = 0;
		};
/* End PBXShellScriptBuildPhase section */

/* Begin PBXSourcesBuildPhase section */
		CD6A99C71D5B1B8600E25A08 /* Sources */ = {
			isa = PBXSourcesBuildPhase;
			buildActionMask = 2147483647;
			files = (
				CD6A99EF1D5B1CE100E25A08 /* AppDelegate.swift in Sources */,
				CD6A99F01D5B1CE100E25A08 /* ViewController.swift in Sources */,
			);
			runOnlyForDeploymentPostprocessing = 0;
		};
/* End PBXSourcesBuildPhase section */

/* Begin XCBuildConfiguration section */
		CD6A99DB1D5B1B8600E25A08 /* Debug */ = {
			isa = XCBuildConfiguration;
			buildSettings = {
				ALWAYS_SEARCH_USER_PATHS = NO;
				CLANG_ANALYZER_NONNULL = YES;
				CLANG_CXX_LANGUAGE_STANDARD = "gnu++0x";
				CLANG_CXX_LIBRARY = "libc++";
				CLANG_ENABLE_MODULES = YES;
				CLANG_ENABLE_OBJC_ARC = YES;
				CLANG_WARN_BOOL_CONVERSION = YES;
				CLANG_WARN_CONSTANT_CONVERSION = YES;
				CLANG_WARN_DIRECT_OBJC_ISA_USAGE = YES_ERROR;
				CLANG_WARN_EMPTY_BODY = YES;
				CLANG_WARN_ENUM_CONVERSION = YES;
				CLANG_WARN_INT_CONVERSION = YES;
				CLANG_WARN_OBJC_ROOT_CLASS = YES_ERROR;
				CLANG_WARN_UNREACHABLE_CODE = YES;
				CLANG_WARN__DUPLICATE_METHOD_MATCH = YES;
				"CODE_SIGN_IDENTITY[sdk=iphoneos*]" = "iPhone Developer";
				COPY_PHASE_STRIP = NO;
				DEBUG_INFORMATION_FORMAT = dwarf;
				ENABLE_STRICT_OBJC_MSGSEND = YES;
				ENABLE_TESTABILITY = YES;
				GCC_C_LANGUAGE_STANDARD = gnu99;
				GCC_DYNAMIC_NO_PIC = NO;
				GCC_NO_COMMON_BLOCKS = YES;
				GCC_OPTIMIZATION_LEVEL = 0;
				GCC_PREPROCESSOR_DEFINITIONS = (
					"DEBUG=1",
					"$(inherited)",
				);
				GCC_WARN_64_TO_32_BIT_CONVERSION = YES;
				GCC_WARN_ABOUT_RETURN_TYPE = YES_ERROR;
				GCC_WARN_UNDECLARED_SELECTOR = YES;
				GCC_WARN_UNINITIALIZED_AUTOS = YES_AGGRESSIVE;
				GCC_WARN_UNUSED_FUNCTION = YES;
				GCC_WARN_UNUSED_VARIABLE = YES;
				IPHONEOS_DEPLOYMENT_TARGET = 9.3;
				MTL_ENABLE_DEBUG_INFO = YES;
				ONLY_ACTIVE_ARCH = YES;
				SDKROOT = iphoneos;
				SWIFT_OPTIMIZATION_LEVEL = "-Onone";
				TARGETED_DEVICE_FAMILY = "1,2";
			};
			name = Debug;
		};
		CD6A99DC1D5B1B8600E25A08 /* Release */ = {
			isa = XCBuildConfiguration;
			buildSettings = {
				ALWAYS_SEARCH_USER_PATHS = NO;
				CLANG_ANALYZER_NONNULL = YES;
				CLANG_CXX_LANGUAGE_STANDARD = "gnu++0x";
				CLANG_CXX_LIBRARY = "libc++";
				CLANG_ENABLE_MODULES = YES;
				CLANG_ENABLE_OBJC_ARC = YES;
				CLANG_WARN_BOOL_CONVERSION = YES;
				CLANG_WARN_CONSTANT_CONVERSION = YES;
				CLANG_WARN_DIRECT_OBJC_ISA_USAGE = YES_ERROR;
				CLANG_WARN_EMPTY_BODY = YES;
				CLANG_WARN_ENUM_CONVERSION = YES;
				CLANG_WARN_INT_CONVERSION = YES;
				CLANG_WARN_OBJC_ROOT_CLASS = YES_ERROR;
				CLANG_WARN_UNREACHABLE_CODE = YES;
				CLANG_WARN__DUPLICATE_METHOD_MATCH = YES;
				"CODE_SIGN_IDENTITY[sdk=iphoneos*]" = "iPhone Developer";
				COPY_PHASE_STRIP = NO;
				DEBUG_INFORMATION_FORMAT = "dwarf-with-dsym";
				ENABLE_NS_ASSERTIONS = NO;
				ENABLE_STRICT_OBJC_MSGSEND = YES;
				GCC_C_LANGUAGE_STANDARD = gnu99;
				GCC_NO_COMMON_BLOCKS = YES;
				GCC_WARN_64_TO_32_BIT_CONVERSION = YES;
				GCC_WARN_ABOUT_RETURN_TYPE = YES_ERROR;
				GCC_WARN_UNDECLARED_SELECTOR = YES;
				GCC_WARN_UNINITIALIZED_AUTOS = YES_AGGRESSIVE;
				GCC_WARN_UNUSED_FUNCTION = YES;
				GCC_WARN_UNUSED_VARIABLE = YES;
				IPHONEOS_DEPLOYMENT_TARGET = 9.3;
				MTL_ENABLE_DEBUG_INFO = NO;
				SDKROOT = iphoneos;
				TARGETED_DEVICE_FAMILY = "1,2";
				VALIDATE_PRODUCT = YES;
			};
			name = Release;
		};
		CD6A99DE1D5B1B8600E25A08 /* Debug */ = {
			isa = XCBuildConfiguration;
			baseConfigurationReference = 7E98A9E7360A1D0D3EBB46F0 /* Pods-UniversalWebView.debug.xcconfig */;
			buildSettings = {
				ASSETCATALOG_COMPILER_APPICON_NAME = AppIcon;
				CODE_SIGN_IDENTITY = "iPhone Developer";
				"CODE_SIGN_IDENTITY[sdk=iphoneos*]" = "iPhone Developer";
				INFOPLIST_FILE = UniversalWebView/Info.plist;
				LD_RUNPATH_SEARCH_PATHS = "$(inherited) @executable_path/Frameworks";
				PRODUCT_BUNDLE_IDENTIFIER = com.brommko.UniversalWebView;
				PRODUCT_NAME = "$(TARGET_NAME)";
				PROVISIONING_PROFILE = "";
			};
			name = Debug;
		};
		CD6A99DF1D5B1B8600E25A08 /* Release */ = {
			isa = XCBuildConfiguration;
			baseConfigurationReference = 98C1CBE83E77A3874C238F15 /* Pods-UniversalWebView.release.xcconfig */;
			buildSettings = {
				ASSETCATALOG_COMPILER_APPICON_NAME = AppIcon;
				CODE_SIGN_IDENTITY = "iPhone Developer";
				"CODE_SIGN_IDENTITY[sdk=iphoneos*]" = "iPhone Developer";
				INFOPLIST_FILE = UniversalWebView/Info.plist;
				LD_RUNPATH_SEARCH_PATHS = "$(inherited) @executable_path/Frameworks";
				PRODUCT_BUNDLE_IDENTIFIER = com.brommko.UniversalWebView;
				PRODUCT_NAME = "$(TARGET_NAME)";
				PROVISIONING_PROFILE = "";
			};
			name = Release;
		};
/* End XCBuildConfiguration section */

/* Begin XCConfigurationList section */
		CD6A99C61D5B1B8600E25A08 /* Build configuration list for PBXProject "UniversalWebView" */ = {
			isa = XCConfigurationList;
			buildConfigurations = (
				CD6A99DB1D5B1B8600E25A08 /* Debug */,
				CD6A99DC1D5B1B8600E25A08 /* Release */,
			);
			defaultConfigurationIsVisible = 0;
			defaultConfigurationName = Release;
		};
		CD6A99DD1D5B1B8600E25A08 /* Build configuration list for PBXNativeTarget "UniversalWebView" */ = {
			isa = XCConfigurationList;
			buildConfigurations = (
				CD6A99DE1D5B1B8600E25A08 /* Debug */,
				CD6A99DF1D5B1B8600E25A08 /* Release */,
			);
			defaultConfigurationIsVisible = 0;
			defaultConfigurationName = Release;
		};
/* End XCConfigurationList section */
	};
	rootObject = CD6A99C31D5B1B8600E25A08 /* Project object */;
}
