// !$*UTF8*$!
{
	archiveVersion = 1;
	classes = {
	};
	objectVersion = 46;
	objects = {

/* Begin PBXBuildFile section */
		3F9696E91B3455A200CDD77A /* AppDelegate.swift in Sources */ = {isa = PBXBuildFile; fileRef = 3F9696E81B3455A200CDD77A /* AppDelegate.swift */; };
		3F9696EB1B3455A200CDD77A /* ViewController.swift in Sources */ = {isa = PBXBuildFile; fileRef = 3F9696EA1B3455A200CDD77A /* ViewController.swift */; };
		3F9696EE1B3455A200CDD77A /* Main.storyboard in Resources */ = {isa = PBXBuildFile; fileRef = 3F9696EC1B3455A200CDD77A /* Main.storyboard */; };
		3F9696F01B3455A200CDD77A /* Images.xcassets in Resources */ = {isa = PBXBuildFile; fileRef = 3F9696EF1B3455A200CDD77A /* Images.xcassets */; };
		437E789CD8C5F604158EC122 /* Pods_UniversalWebview.framework in Frameworks */ = {isa = PBXBuildFile; fileRef = 843284C79B12E02D2CE5C945 /* Pods_UniversalWebview.framework */; };
		CD17BC951D54A72F0069DD6C /* GoogleService-Info.plist in Resources */ = {isa = PBXBuildFile; fileRef = CD17BC941D54A72F0069DD6C /* GoogleService-Info.plist */; };
		CD5210391D549A6900EF3FC0 /* UniversalWebView.plist in Resources */ = {isa = PBXBuildFile; fileRef = CD5210381D549A6900EF3FC0 /* UniversalWebView.plist */; };
/* End PBXBuildFile section */

/* Begin PBXFileReference section */
		139EF17AA172F02B06D90D7A /* Pods-UniversalWebview.debug.xcconfig */ = {isa = PBXFileReference; includeInIndex = 1; lastKnownFileType = text.xcconfig; name = "Pods-UniversalWebview.debug.xcconfig"; path = "Pods/Target Support Files/Pods-UniversalWebview/Pods-UniversalWebview.debug.xcconfig"; sourceTree = "<group>"; };
		3F9696E31B3455A200CDD77A /* UniversalWebView.temp_caseinsensitive_rename.app */ = {isa = PBXFileReference; explicitFileType = wrapper.application; includeInIndex = 0; path = UniversalWebView.temp_caseinsensitive_rename.app; sourceTree = BUILT_PRODUCTS_DIR; };
		3F9696E71B3455A200CDD77A /* Info.plist */ = {isa = PBXFileReference; lastKnownFileType = text.plist.xml; path = Info.plist; sourceTree = "<group>"; };
		3F9696E81B3455A200CDD77A /* AppDelegate.swift */ = {isa = PBXFileReference; lastKnownFileType = sourcecode.swift; path = AppDelegate.swift; sourceTree = "<group>"; };
		3F9696EA1B3455A200CDD77A /* ViewController.swift */ = {isa = PBXFileReference; lastKnownFileType = sourcecode.swift; path = ViewController.swift; sourceTree = "<group>"; };
		3F9696ED1B3455A200CDD77A /* Base */ = {isa = PBXFileReference; lastKnownFileType = file.storyboard; name = Base; path = Base.lproj/Main.storyboard; sourceTree = "<group>"; };
		3F9696EF1B3455A200CDD77A /* Images.xcassets */ = {isa = PBXFileReference; lastKnownFileType = folder.assetcatalog; path = Images.xcassets; sourceTree = "<group>"; };
		843284C79B12E02D2CE5C945 /* Pods_UniversalWebview.framework */ = {isa = PBXFileReference; explicitFileType = wrapper.framework; includeInIndex = 0; path = Pods_UniversalWebview.framework; sourceTree = BUILT_PRODUCTS_DIR; };
		9B4798AA4DD2A00F72B2A6D6 /* Pods-UniversalWebview.release.xcconfig */ = {isa = PBXFileReference; includeInIndex = 1; lastKnownFileType = text.xcconfig; name = "Pods-UniversalWebview.release.xcconfig"; path = "Pods/Target Support Files/Pods-UniversalWebview/Pods-UniversalWebview.release.xcconfig"; sourceTree = "<group>"; };
		CD17BC941D54A72F0069DD6C /* GoogleService-Info.plist */ = {isa = PBXFileReference; fileEncoding = 4; lastKnownFileType = text.plist.xml; path = "GoogleService-Info.plist"; sourceTree = "<group>"; };
		CD5210381D549A6900EF3FC0 /* UniversalWebView.plist */ = {isa = PBXFileReference; fileEncoding = 4; lastKnownFileType = text.plist.xml; name = UniversalWebView.plist; path = UniversalWebview/UniversalWebView.plist; sourceTree = "<group>"; };
/* End PBXFileReference section */

/* Begin PBXFrameworksBuildPhase section */
		3F9696E01B3455A200CDD77A /* Frameworks */ = {
			isa = PBXFrameworksBuildPhase;
			buildActionMask = 2147483647;
			files = (
				437E789CD8C5F604158EC122 /* Pods_UniversalWebview.framework in Frameworks */,
			);
			runOnlyForDeploymentPostprocessing = 0;
		};
/* End PBXFrameworksBuildPhase section */

/* Begin PBXGroup section */
		0D0B963204ADCD30E4A76320 /* Frameworks */ = {
			isa = PBXGroup;
			children = (
				843284C79B12E02D2CE5C945 /* Pods_UniversalWebview.framework */,
			);
			name = Frameworks;
			sourceTree = "<group>";
		};
		13D1A278F539996704D02EE3 /* Pods */ = {
			isa = PBXGroup;
			children = (
				139EF17AA172F02B06D90D7A /* Pods-UniversalWebview.debug.xcconfig */,
				9B4798AA4DD2A00F72B2A6D6 /* Pods-UniversalWebview.release.xcconfig */,
			);
			name = Pods;
			sourceTree = "<group>";
		};
		3F9696DA1B3455A200CDD77A = {
			isa = PBXGroup;
			children = (
				CD5210381D549A6900EF3FC0 /* UniversalWebView.plist */,
				3F9696E51B3455A200CDD77A /* UniversalWebView */,
				3F9696E41B3455A200CDD77A /* Products */,
				13D1A278F539996704D02EE3 /* Pods */,
				0D0B963204ADCD30E4A76320 /* Frameworks */,
			);
			sourceTree = "<group>";
		};
		3F9696E41B3455A200CDD77A /* Products */ = {
			isa = PBXGroup;
			children = (
				3F9696E31B3455A200CDD77A /* UniversalWebView.temp_caseinsensitive_rename.app */,
			);
			name = Products;
			sourceTree = "<group>";
		};
		3F9696E51B3455A200CDD77A /* UniversalWebView */ = {
			isa = PBXGroup;
			children = (
				3F9696E81B3455A200CDD77A /* AppDelegate.swift */,
				3F9696EA1B3455A200CDD77A /* ViewController.swift */,
				3F9696EC1B3455A200CDD77A /* Main.storyboard */,
				3F9696EF1B3455A200CDD77A /* Images.xcassets */,
				3F9696E61B3455A200CDD77A /* Supporting Files */,
			);
			path = UniversalWebView;
			sourceTree = "<group>";
		};
		3F9696E61B3455A200CDD77A /* Supporting Files */ = {
			isa = PBXGroup;
			children = (
				CD17BC941D54A72F0069DD6C /* GoogleService-Info.plist */,
				3F9696E71B3455A200CDD77A /* Info.plist */,
			);
			name = "Supporting Files";
			sourceTree = "<group>";
		};
/* End PBXGroup section */

/* Begin PBXNativeTarget section */
		3F9696E21B3455A200CDD77A /* UniversalWebview */ = {
			isa = PBXNativeTarget;
			buildConfigurationList = 3F9697021B3455A200CDD77A /* Build configuration list for PBXNativeTarget "UniversalWebview" */;
			buildPhases = (
				268C745AF89AB4D9043D96A8 /* [CP] Check Pods Manifest.lock */,
				3F9696DF1B3455A200CDD77A /* Sources */,
				3F9696E01B3455A200CDD77A /* Frameworks */,
				3F9696E11B3455A200CDD77A /* Resources */,
				F261ECE49A969358AA4316C7 /* [CP] Embed Pods Frameworks */,
				DE20F61C3CCA3B981CB902C6 /* [CP] Copy Pods Resources */,
			);
			buildRules = (
			);
			dependencies = (
			);
			name = UniversalWebview;
			productName = "Simple Universal Webview App";
			productReference = 3F9696E31B3455A200CDD77A /* UniversalWebView.temp_caseinsensitive_rename.app */;
			productType = "com.apple.product-type.application";
		};
/* End PBXNativeTarget section */

/* Begin PBXProject section */
		3F9696DB1B3455A200CDD77A /* Project object */ = {
			isa = PBXProject;
			attributes = {
				LastSwiftUpdateCheck = 0730;
				LastUpgradeCheck = 0730;
				ORGANIZATIONNAME = "Brommko LLC";
				TargetAttributes = {
					3F9696E21B3455A200CDD77A = {
						CreatedOnToolsVersion = 6.3.2;
						DevelopmentTeam = 56XX2LQCB2;
					};
				};
			};
			buildConfigurationList = 3F9696DE1B3455A200CDD77A /* Build configuration list for PBXProject "UniversalWebView" */;
			compatibilityVersion = "Xcode 3.2";
			developmentRegion = English;
			hasScannedForEncodings = 0;
			knownRegions = (
				en,
				Base,
			);
			mainGroup = 3F9696DA1B3455A200CDD77A;
			productRefGroup = 3F9696E41B3455A200CDD77A /* Products */;
			projectDirPath = "";
			projectRoot = "";
			targets = (
				3F9696E21B3455A200CDD77A /* UniversalWebview */,
			);
		};
/* End PBXProject section */

/* Begin PBXResourcesBuildPhase section */
		3F9696E11B3455A200CDD77A /* Resources */ = {
			isa = PBXResourcesBuildPhase;
			buildActionMask = 2147483647;
			files = (
				3F9696EE1B3455A200CDD77A /* Main.storyboard in Resources */,
				CD17BC951D54A72F0069DD6C /* GoogleService-Info.plist in Resources */,
				CD5210391D549A6900EF3FC0 /* UniversalWebView.plist in Resources */,
				3F9696F01B3455A200CDD77A /* Images.xcassets in Resources */,
			);
			runOnlyForDeploymentPostprocessing = 0;
		};
/* End PBXResourcesBuildPhase section */

/* Begin PBXShellScriptBuildPhase section */
		268C745AF89AB4D9043D96A8 /* [CP] Check Pods Manifest.lock */ = {
			isa = PBXShellScriptBuildPhase;
			buildActionMask = 2147483647;
			files = (
			);
			inputPaths = (
			);
			name = "[CP] Check Pods Manifest.lock";
			outputPaths = (
			);
			runOnlyForDeploymentPostprocessing = 0;
			shellPath = /bin/sh;
			shellScript = "diff \"${PODS_ROOT}/../Podfile.lock\" \"${PODS_ROOT}/Manifest.lock\" > /dev/null\nif [[ $? != 0 ]] ; then\n    cat << EOM\nerror: The sandbox is not in sync with the Podfile.lock. Run 'pod install' or update your CocoaPods installation.\nEOM\n    exit 1\nfi\n";
			showEnvVarsInLog = 0;
		};
		DE20F61C3CCA3B981CB902C6 /* [CP] Copy Pods Resources */ = {
			isa = PBXShellScriptBuildPhase;
			buildActionMask = 2147483647;
			files = (
			);
			inputPaths = (
			);
			name = "[CP] Copy Pods Resources";
			outputPaths = (
			);
			runOnlyForDeploymentPostprocessing = 0;
			shellPath = /bin/sh;
			shellScript = "\"${SRCROOT}/Pods/Target Support Files/Pods-UniversalWebview/Pods-UniversalWebview-resources.sh\"\n";
			showEnvVarsInLog = 0;
		};
		F261ECE49A969358AA4316C7 /* [CP] Embed Pods Frameworks */ = {
			isa = PBXShellScriptBuildPhase;
			buildActionMask = 2147483647;
			files = (
			);
			inputPaths = (
			);
			name = "[CP] Embed Pods Frameworks";
			outputPaths = (
			);
			runOnlyForDeploymentPostprocessing = 0;
			shellPath = /bin/sh;
			shellScript = "\"${SRCROOT}/Pods/Target Support Files/Pods-UniversalWebview/Pods-UniversalWebview-frameworks.sh\"\n";
			showEnvVarsInLog = 0;
		};
/* End PBXShellScriptBuildPhase section */

/* Begin PBXSourcesBuildPhase section */
		3F9696DF1B3455A200CDD77A /* Sources */ = {
			isa = PBXSourcesBuildPhase;
			buildActionMask = 2147483647;
			files = (
				3F9696EB1B3455A200CDD77A /* ViewController.swift in Sources */,
				3F9696E91B3455A200CDD77A /* AppDelegate.swift in Sources */,
			);
			runOnlyForDeploymentPostprocessing = 0;
		};
/* End PBXSourcesBuildPhase section */

/* Begin PBXVariantGroup section */
		3F9696EC1B3455A200CDD77A /* Main.storyboard */ = {
			isa = PBXVariantGroup;
			children = (
				3F9696ED1B3455A200CDD77A /* Base */,
			);
			name = Main.storyboard;
			sourceTree = "<group>";
		};
/* End PBXVariantGroup section */

/* Begin XCBuildConfiguration section */
		3F9697001B3455A200CDD77A /* Debug */ = {
			isa = XCBuildConfiguration;
			buildSettings = {
				ALWAYS_SEARCH_USER_PATHS = NO;
				CLANG_CXX_LANGUAGE_STANDARD = "gnu++0x";
				CLANG_CXX_LIBRARY = "libc++";
				CLANG_ENABLE_MODULES = YES;
				CLANG_ENABLE_OBJC_ARC = YES;
				CLANG_WARN_BOOL_CONVERSION = YES;
				CLANG_WARN_CONSTANT_CONVERSION = YES;
				CLANG_WARN_DIRECT_OBJC_ISA_USAGE = YES_ERROR;
				CLANG_WARN_EMPTY_BODY = YES;
				CLANG_WARN_ENUM_CONVERSION = YES;
				CLANG_WARN_INT_CONVERSION = YES;
				CLANG_WARN_OBJC_ROOT_CLASS = YES_ERROR;
				CLANG_WARN_UNREACHABLE_CODE = YES;
				CLANG_WARN__DUPLICATE_METHOD_MATCH = YES;
				"CODE_SIGN_IDENTITY[sdk=iphoneos*]" = "iPhone Developer";
				COPY_PHASE_STRIP = NO;
				DEBUG_INFORMATION_FORMAT = "dwarf-with-dsym";
				ENABLE_STRICT_OBJC_MSGSEND = YES;
				ENABLE_TESTABILITY = YES;
				GCC_C_LANGUAGE_STANDARD = gnu99;
				GCC_DYNAMIC_NO_PIC = NO;
				GCC_NO_COMMON_BLOCKS = YES;
				GCC_OPTIMIZATION_LEVEL = 0;
				GCC_PREPROCESSOR_DEFINITIONS = (
					"DEBUG=1",
					"$(inherited)",
				);
				GCC_SYMBOLS_PRIVATE_EXTERN = NO;
				GCC_WARN_64_TO_32_BIT_CONVERSION = YES;
				GCC_WARN_ABOUT_RETURN_TYPE = YES_ERROR;
				GCC_WARN_UNDECLARED_SELECTOR = YES;
				GCC_WARN_UNINITIALIZED_AUTOS = YES_AGGRESSIVE;
				GCC_WARN_UNUSED_FUNCTION = YES;
				GCC_WARN_UNUSED_VARIABLE = YES;
				IPHONEOS_DEPLOYMENT_TARGET = 9.0;
				MTL_ENABLE_DEBUG_INFO = YES;
				ONLY_ACTIVE_ARCH = YES;
				SDKROOT = iphoneos;
				SWIFT_OPTIMIZATION_LEVEL = "-Onone";
				TARGETED_DEVICE_FAMILY = "1,2";
			};
			name = Debug;
		};
		3F9697011B3455A200CDD77A /* Release */ = {
			isa = XCBuildConfiguration;
			buildSettings = {
				ALWAYS_SEARCH_USER_PATHS = NO;
				CLANG_CXX_LANGUAGE_STANDARD = "gnu++0x";
				CLANG_CXX_LIBRARY = "libc++";
				CLANG_ENABLE_MODULES = YES;
				CLANG_ENABLE_OBJC_ARC = YES;
				CLANG_WARN_BOOL_CONVERSION = YES;
				CLANG_WARN_CONSTANT_CONVERSION = YES;
				CLANG_WARN_DIRECT_OBJC_ISA_USAGE = YES_ERROR;
				CLANG_WARN_EMPTY_BODY = YES;
				CLANG_WARN_ENUM_CONVERSION = YES;
				CLANG_WARN_INT_CONVERSION = YES;
				CLANG_WARN_OBJC_ROOT_CLASS = YES_ERROR;
				CLANG_WARN_UNREACHABLE_CODE = YES;
				CLANG_WARN__DUPLICATE_METHOD_MATCH = YES;
				"CODE_SIGN_IDENTITY[sdk=iphoneos*]" = "iPhone Developer";
				COPY_PHASE_STRIP = NO;
				DEBUG_INFORMATION_FORMAT = "dwarf-with-dsym";
				ENABLE_NS_ASSERTIONS = NO;
				ENABLE_STRICT_OBJC_MSGSEND = YES;
				GCC_C_LANGUAGE_STANDARD = gnu99;
				GCC_NO_COMMON_BLOCKS = YES;
				GCC_WARN_64_TO_32_BIT_CONVERSION = YES;
				GCC_WARN_ABOUT_RETURN_TYPE = YES_ERROR;
				GCC_WARN_UNDECLARED_SELECTOR = YES;
				GCC_WARN_UNINITIALIZED_AUTOS = YES_AGGRESSIVE;
				GCC_WARN_UNUSED_FUNCTION = YES;
				GCC_WARN_UNUSED_VARIABLE = YES;
				IPHONEOS_DEPLOYMENT_TARGET = 9.0;
				MTL_ENABLE_DEBUG_INFO = NO;
				SDKROOT = iphoneos;
				TARGETED_DEVICE_FAMILY = "1,2";
				VALIDATE_PRODUCT = YES;
			};
			name = Release;
		};
		3F9697031B3455A200CDD77A /* Debug */ = {
			isa = XCBuildConfiguration;
			baseConfigurationReference = 139EF17AA172F02B06D90D7A /* Pods-UniversalWebview.debug.xcconfig */;
			buildSettings = {
				ASSETCATALOG_COMPILER_APPICON_NAME = AppIcon;
				CODE_SIGN_IDENTITY = "iPhone Developer";
				INFOPLIST_FILE = UniversalWebview/Info.plist;
				LD_RUNPATH_SEARCH_PATHS = "$(inherited) @executable_path/Frameworks";
				PRODUCT_BUNDLE_IDENTIFIER = com.brommko.universalwebapp;
				PRODUCT_NAME = UniversalWebView.temp_caseinsensitive_rename;
			};
			name = Debug;
		};
		3F9697041B3455A200CDD77A /* Release */ = {
			isa = XCBuildConfiguration;
			baseConfigurationReference = 9B4798AA4DD2A00F72B2A6D6 /* Pods-UniversalWebview.release.xcconfig */;
			buildSettings = {
				ASSETCATALOG_COMPILER_APPICON_NAME = AppIcon;
				CODE_SIGN_IDENTITY = "iPhone Developer";
				INFOPLIST_FILE = UniversalWebview/Info.plist;
				LD_RUNPATH_SEARCH_PATHS = "$(inherited) @executable_path/Frameworks";
				PRODUCT_BUNDLE_IDENTIFIER = com.brommko.universalwebapp;
				PRODUCT_NAME = UniversalWebView.temp_caseinsensitive_rename;
			};
			name = Release;
		};
/* End XCBuildConfiguration section */

/* Begin XCConfigurationList section */
		3F9696DE1B3455A200CDD77A /* Build configuration list for PBXProject "UniversalWebView" */ = {
			isa = XCConfigurationList;
			buildConfigurations = (
				3F9697001B3455A200CDD77A /* Debug */,
				3F9697011B3455A200CDD77A /* Release */,
			);
			defaultConfigurationIsVisible = 0;
			defaultConfigurationName = Release;
		};
		3F9697021B3455A200CDD77A /* Build configuration list for PBXNativeTarget "UniversalWebview" */ = {
			isa = XCConfigurationList;
			buildConfigurations = (
				3F9697031B3455A200CDD77A /* Debug */,
				3F9697041B3455A200CDD77A /* Release */,
			);
			defaultConfigurationIsVisible = 0;
			defaultConfigurationName = Release;
		};
/* End XCConfigurationList section */
	};
	rootObject = 3F9696DB1B3455A200CDD77A /* Project object */;
}
